{
  "name": "driver-matching-service",
  "version": "1.0.0",
  "lockfileVersion": 3,
  "requires": true,
  "packages": {
    "": {
      "name": "driver-matching-service",
      "version": "1.0.0",
      "license": "MIT",
      "dependencies": {
        "@aws-lambda-powertools/logger": "^2.33.1",
        "@aws-lambda-powertools/metrics": "^2.33.1",
        "@aws-lambda-powertools/tracer": "^2.33.1",
        "@aws-sdk/client-dynamodb": "^3.1080.0",
        "@aws-sdk/client-eventbridge": "^3.1078.0",
        "@aws-sdk/lib-dynamodb": "^3.1078.0"
      }
    },
    "node_modules/@aws-lambda-powertools/commons": {
      "version": "2.33.1",
      "resolved": "https://registry.npmjs.org/@aws-lambda-powertools/commons/-/commons-2.33.1.tgz",
      "integrity": "sha512-edzvz+zqBl8p9J2Cgo1rFmhd+3ANqr0PQDqowElS3CJ10ioHN2wUYiANGxfalcgbB8ulZxGkRbK3wvEEziV/5w==",
      "license": "MIT-0",
      "dependencies": {
        "@aws/lambda-invoke-store": "0.2.4"
      }
    },
    "node_modules/@aws-lambda-powertools/logger": {
      "version": "2.33.1",
      "resolved": "https://registry.npmjs.org/@aws-lambda-powertools/logger/-/logger-2.33.1.tgz",
      "integrity": "sha512-DDnKcv2zghslh2AtrVsa4wHcAuI5M7+JlX65CgdXLk2th0Nr0octJQq0f4Bnp+DzuwFynmH4GJqsBe33rZapAw==",
      "license": "MIT-0",
      "dependencies": {
        "@aws-lambda-powertools/commons": "2.33.1",
        "@aws/lambda-invoke-store": "0.2.4"
      },
      "peerDependencies": {
        "@aws-lambda-powertools/jmespath": "2.33.1",
        "@middy/core": "4.x || 5.x || 6.x || 7.x"
      },
      "peerDependenciesMeta": {
        "@aws-lambda-powertools/jmespath": {
          "optional": true
        },
        "@middy/core": {
          "optional": true
        }
      }
    },
    "node_modules/@aws-lambda-powertools/metrics": {
      "version": "2.33.1",
      "resolved": "https://registry.npmjs.org/@aws-lambda-powertools/metrics/-/metrics-2.33.1.tgz",
      "integrity": "sha512-QtkymyPtLqMuxTcwfHLahw2UOcHeEGISL3kA+5/mdBiHjnQE0qeWZKZ+SzMOwMTWvD2jHYN+K5F/8SODDb6yIQ==",
      "license": "MIT-0",
      "dependencies": {
        "@aws-lambda-powertools/commons": "2.33.1",
        "@aws/lambda-invoke-store": "0.2.4"
      },
      "peerDependencies": {
        "@middy/core": "4.x || 5.x || 6.x || 7.x"
      },
      "peerDependenciesMeta": {
        "@middy/core": {
          "optional": true
        }
      }
    },
    "node_modules/@aws-lambda-powertools/tracer": {
      "version": "2.33.1",
      "resolved": "https://registry.npmjs.org/@aws-lambda-powertools/tracer/-/tracer-2.33.1.tgz",
      "integrity": "sha512-A/iTiDyXFpk+E6OWIiD9xWJLBUFSHjX2FP3yv2y1ODthG/N699hV0sMqLffN9w1/VlDvamHyi8Zm+hceXCnG6w==",
      "license": "MIT-0",
      "dependencies": {
        "@aws-lambda-powertools/commons": "2.33.1",
        "aws-xray-sdk-core": "^3.12.0"
      },
      "peerDependencies": {
        "@middy/core": "4.x || 5.x || 6.x || 7.x"
      },
      "peerDependenciesMeta": {
        "@middy/core": {
          "optional": true
        }
      }
    },
    "node_modules/@aws-sdk/client-dynamodb": {
      "version": "3.1080.0",
      "resolved": "https://registry.npmjs.org/@aws-sdk/client-dynamodb/-/client-dynamodb-3.1080.0.tgz",
      "integrity": "sha512-OZf8CihjhBljoD1EW08ObfqrLuqSpvu8JfSSL2Db6Mup2kV+RiTQNKBat30V/HBnkjcqbTbZLSy6lvZ17EGY8A==",
      "license": "Apache-2.0",
      "dependencies": {
        "@aws-sdk/core": "^3.974.28",
        "@aws-sdk/credential-provider-node": "^3.972.63",
        "@aws-sdk/dynamodb-codec": "^3.973.28",
        "@aws-sdk/middleware-endpoint-discovery": "^3.972.22",
        "@aws-sdk/types": "^3.973.15",
        "@smithy/core": "^3.29.0",
        "@smithy/fetch-http-handler": "^5.6.2",
        "@smithy/node-http-handler": "^4.9.2",
        "@smithy/types": "^4.15.1",
        "tslib": "^2.6.2"
      },
      "engines": {
        "node": ">=20.0.0"
      }
    },
    "node_modules/@aws-sdk/client-eventbridge": {
      "version": "3.1080.0",
      "resolved": "https://registry.npmjs.org/@aws-sdk/client-eventbridge/-/client-eventbridge-3.1080.0.tgz",
      "integrity": "sha512-jNTw5JlyOJRQZ7PdP9YFR7Ze3ktr6GyIeJyqYBA1VqEKkiiTu5Sz+klVdi0RwD/lPmDkHn5RZzuQAVfA5oVJ+Q==",
      "license": "Apache-2.0",
      "dependencies": {
        "@aws-sdk/core": "^3.974.28",
        "@aws-sdk/credential-provider-node": "^3.972.63",
        "@aws-sdk/signature-v4-multi-region": "^3.996.38",
        "@aws-sdk/types": "^3.973.15",
        "@smithy/core": "^3.29.0",
        "@smithy/fetch-http-handler": "^5.6.2",
        "@smithy/node-http-handler": "^4.9.2",
        "@smithy/types": "^4.15.1",
        "tslib": "^2.6.2"
      },
      "engines": {
        "node": ">=20.0.0"
      }
    },
    "node_modules/@aws-sdk/core": {
      "version": "3.974.28",
      "resolved": "https://registry.npmjs.org/@aws-sdk/core/-/core-3.974.28.tgz",
      "integrity": "sha512-4/1DtLwgLqzIg2uFzkFaFjMQHhhhwHIZN4PfziIVqXYX7koO78omuchQlLHyzQBw80l255dtmTA/J4W5yhb7zw==",
      "license": "Apache-2.0",
      "dependencies": {
        "@aws-sdk/types": "^3.973.15",
        "@aws-sdk/xml-builder": "^3.972.33",
        "@aws/lambda-invoke-store": "^0.3.0",
        "@smithy/core": "^3.29.0",
        "@smithy/signature-v4": "^5.6.1",
        "@smithy/types": "^4.15.1",
        "bowser": "^2.11.0",
        "tslib": "^2.6.2"
      },
      "engines": {
        "node": ">=20.0.0"
      }
    },
    "node_modules/@aws-sdk/core/node_modules/@aws/lambda-invoke-store": {
      "version": "0.3.0",
      "resolved": "https://registry.npmjs.org/@aws/lambda-invoke-store/-/lambda-invoke-store-0.3.0.tgz",
      "integrity": "sha512-sl4Bm6yiMNYrZKkqqDFWN0UfnWhlS8ivKxrYl+6t0gCLrqr8y3B2IqZZbFRkfaVVp7C/baApyh71P+LeE1A2sQ==",
      "license": "Apache-2.0",
      "engines": {
        "node": ">=18.0.0"
      }
    },
    "node_modules/@aws-sdk/credential-provider-env": {
      "version": "3.972.54",
      "resolved": "https://registry.npmjs.org/@aws-sdk/credential-provider-env/-/credential-provider-env-3.972.54.tgz",
      "integrity": "sha512-F4WQCG8GULIt+XrMHsqUM9dZc0eTwZM3HUWByOjIKOwBqJSzUxX8CFAtbgMvWfCua52FS1oi5FXarH3+khFq8A==",
      "license": "Apache-2.0",
      "dependencies": {
        "@aws-sdk/core": "^3.974.28",
        "@aws-sdk/types": "^3.973.15",
        "@smithy/core": "^3.29.0",
        "@smithy/types": "^4.15.1",
        "tslib": "^2.6.2"
      },
      "engines": {
        "node": ">=20.0.0"
      }
    },
    "node_modules/@aws-sdk/credential-provider-http": {
      "version": "3.972.56",
      "resolved": "https://registry.npmjs.org/@aws-sdk/credential-provider-http/-/credential-provider-http-3.972.56.tgz",
      "integrity": "sha512-PiwHgEK2srdfi/lFveyQ+3w/qikyh6MKvuZAdlMC+dwQi4K5iVBr32oh7cugnYw+jA8iGtnQMhCGvLm/mqplmw==",
      "license": "Apache-2.0",
      "dependencies": {
        "@aws-sdk/core": "^3.974.28",
        "@aws-sdk/types": "^3.973.15",
        "@smithy/core": "^3.29.0",
        "@smithy/fetch-http-handler": "^5.6.2",
        "@smithy/node-http-handler": "^4.9.2",
        "@smithy/types": "^4.15.1",
        "tslib": "^2.6.2"
      },
      "engines": {
        "node": ">=20.0.0"
      }
    },
    "node_modules/@aws-sdk/credential-provider-ini": {
      "version": "3.972.61",
      "resolved": "https://registry.npmjs.org/@aws-sdk/credential-provider-ini/-/credential-provider-ini-3.972.61.tgz",
      "integrity": "sha512-9CZWMjhBlgfKlqJk40R7kvMOLEIoOr3HJ1J/ELjAH9H5LzR4bCxLujPVM/1PKAEjzSZKZCxWOalm7JUGZbhQqw==",
      "license": "Apache-2.0",
      "dependencies": {
        "@aws-sdk/core": "^3.974.28",
        "@aws-sdk/credential-provider-env": "^3.972.54",
        "@aws-sdk/credential-provider-http": "^3.972.56",
        "@aws-sdk/credential-provider-login": "^3.972.60",
        "@aws-sdk/credential-provider-process": "^3.972.54",
        "@aws-sdk/credential-provider-sso": "^3.972.60",
        "@aws-sdk/credential-provider-web-identity": "^3.972.60",
        "@aws-sdk/nested-clients": "^3.997.28",
        "@aws-sdk/types": "^3.973.15",
        "@smithy/core": "^3.29.0",
        "@smithy/credential-provider-imds": "^4.4.5",
        "@smithy/types": "^4.15.1",
        "tslib": "^2.6.2"
      },
      "engines": {
        "node": ">=20.0.0"
      }
    },
    "node_modules/@aws-sdk/credential-provider-login": {
      "version": "3.972.60",
      "resolved": "https://registry.npmjs.org/@aws-sdk/credential-provider-login/-/credential-provider-login-3.972.60.tgz",
      "integrity": "sha512-Ak6OOrCbXvACyxLFIP1mcS+JTLS9ZpW1ZqyBtqu6axvdpsbG1gVNhUlAfQq8TK/gar/h2w35LrzlQU0PcUzJpw==",
      "license": "Apache-2.0",
      "dependencies": {
        "@aws-sdk/core": "^3.974.28",
        "@aws-sdk/nested-clients": "^3.997.28",
        "@aws-sdk/types": "^3.973.15",
        "@smithy/core": "^3.29.0",
        "@smithy/types": "^4.15.1",
        "tslib": "^2.6.2"
      },
      "engines": {
        "node": ">=20.0.0"
      }
    },
    "node_modules/@aws-sdk/credential-provider-node": {
      "version": "3.972.63",
      "resolved": "https://registry.npmjs.org/@aws-sdk/credential-provider-node/-/credential-provider-node-3.972.63.tgz",
      "integrity": "sha512-YmgWtTPZDStyT74ApSHpApD3r7W9znsc+WEZjW0vceom+NAxRx9/F3TyukOKix8kJkPaa49aIREQJdpGeLDiEw==",
      "license": "Apache-2.0",
      "dependencies": {
        "@aws-sdk/credential-provider-env": "^3.972.54",
        "@aws-sdk/credential-provider-http": "^3.972.56",
        "@aws-sdk/credential-provider-ini": "^3.972.61",
        "@aws-sdk/credential-provider-process": "^3.972.54",
        "@aws-sdk/credential-provider-sso": "^3.972.60",
        "@aws-sdk/credential-provider-web-identity": "^3.972.60",
        "@aws-sdk/types": "^3.973.15",
        "@smithy/core": "^3.29.0",
        "@smithy/credential-provider-imds": "^4.4.5",
        "@smithy/types": "^4.15.1",
        "tslib": "^2.6.2"
      },
      "engines": {
        "node": ">=20.0.0"
      }
    },
    "node_modules/@aws-sdk/credential-provider-process": {
      "version": "3.972.54",
      "resolved": "https://registry.npmjs.org/@aws-sdk/credential-provider-process/-/credential-provider-process-3.972.54.tgz",
      "integrity": "sha512-UNmUjtTnp3wH3YTZcctN7yK17S2AdaJpiNIdIf0l70hHOdGuDfdMxk62P5rt64GwGm6qkFOYG0js/cU6cdZDdg==",
      "license": "Apache-2.0",
      "dependencies": {
        "@aws-sdk/core": "^3.974.28",
        "@aws-sdk/types": "^3.973.15",
        "@smithy/core": "^3.29.0",
        "@smithy/types": "^4.15.1",
        "tslib": "^2.6.2"
      },
      "engines": {
        "node": ">=20.0.0"
      }
    },
    "node_modules/@aws-sdk/credential-provider-sso": {
      "version": "3.972.60",
      "resolved": "https://registry.npmjs.org/@aws-sdk/credential-provider-sso/-/credential-provider-sso-3.972.60.tgz",
      "integrity": "sha512-zH8SvJkTRw1Kb7GARjGPjzkQPfL3jDi/OxK32I5SQq7bgwgFHJZaoDEwkEvFlfNfpByM6n4Rs20Y1mLyOdb6ag==",
      "license": "Apache-2.0",
      "dependencies": {
        "@aws-sdk/core": "^3.974.28",
        "@aws-sdk/nested-clients": "^3.997.28",
        "@aws-sdk/token-providers": "3.1080.0",
        "@aws-sdk/types": "^3.973.15",
        "@smithy/core": "^3.29.0",
        "@smithy/types": "^4.15.1",
        "tslib": "^2.6.2"
      },
      "engines": {
        "node": ">=20.0.0"
      }
    },
    "node_modules/@aws-sdk/credential-provider-web-identity": {
      "version": "3.972.60",
      "resolved": "https://registry.npmjs.org/@aws-sdk/credential-provider-web-identity/-/credential-provider-web-identity-3.972.60.tgz",
      "integrity": "sha512-q2rJSQ/AMjemUS18OtQqczqSo2R6VjOCLmLVmLVcdrP5/AKoj632lGCrMUWQ6EgnaLMEHbq0UO4mWh/u6gjPhA==",
      "license": "Apache-2.0",
      "dependencies": {
        "@aws-sdk/core": "^3.974.28",
        "@aws-sdk/nested-clients": "^3.997.28",
        "@aws-sdk/types": "^3.973.15",
        "@smithy/core": "^3.29.0",
        "@smithy/types": "^4.15.1",
        "tslib": "^2.6.2"
      },
      "engines": {
        "node": ">=20.0.0"
      }
    },
    "node_modules/@aws-sdk/dynamodb-codec": {
      "version": "3.973.28",
      "resolved": "https://registry.npmjs.org/@aws-sdk/dynamodb-codec/-/dynamodb-codec-3.973.28.tgz",
      "integrity": "sha512-fPbYdoZqvQpKgYnLtizhSlNujBPKJJCBI5a1KhG/Lqut7s5YFjzfi8+CZaG61OditIq2OesVVjlinYiPL/VCXQ==",
      "license": "Apache-2.0",
      "dependencies": {
        "@aws-sdk/core": "^3.974.28",
        "@smithy/core": "^3.29.0",
        "@smithy/types": "^4.15.1",
        "tslib": "^2.6.2"
      },
      "engines": {
        "node": ">=20.0.0"
      }
    },
    "node_modules/@aws-sdk/endpoint-cache": {
      "version": "3.972.8",
      "resolved": "https://registry.npmjs.org/@aws-sdk/endpoint-cache/-/endpoint-cache-3.972.8.tgz",
      "integrity": "sha512-bBmkG0Dnhfq0/T4Z0PpUr7HkncBVaWvvCbvafeaUM+yC9wa8GGjLJmonq0QL17REB9WivgGeYgWQ5A80Uw5UnQ==",
      "license": "Apache-2.0",
      "dependencies": {
        "mnemonist": "0.38.3",
        "tslib": "^2.6.2"
      },
      "engines": {
        "node": ">=20.0.0"
      }
    },
    "node_modules/@aws-sdk/lib-dynamodb": {
      "version": "3.1080.0",
      "resolved": "https://registry.npmjs.org/@aws-sdk/lib-dynamodb/-/lib-dynamodb-3.1080.0.tgz",
      "integrity": "sha512-4qdJ66hRRGA4QKSYPbAxN/buAo2cBbR4nr49aj3+GuThtidYD+akxBQr2vWSA96fy03Go9bBysqeaAuL5VAbwg==",
      "license": "Apache-2.0",
      "dependencies": {
        "@aws-sdk/core": "^3.974.28",
        "@aws-sdk/util-dynamodb": "^3.996.5",
        "@smithy/core": "^3.29.0",
        "@smithy/types": "^4.15.1",
        "tslib": "^2.6.2"
      },
      "engines": {
        "node": ">=20.0.0"
      },
      "peerDependencies": {
        "@aws-sdk/client-dynamodb": "^3.1080.0"
      }
    },
    "node_modules/@aws-sdk/middleware-endpoint-discovery": {
      "version": "3.972.22",
      "resolved": "https://registry.npmjs.org/@aws-sdk/middleware-endpoint-discovery/-/middleware-endpoint-discovery-3.972.22.tgz",
      "integrity": "sha512-GMoLg4XAnkiwevqcOfgz0lOTYmIdM7MJK/BL9EAvsoMFqKIGRpyNIvuSNg5gdFzP57yB+EklMlK0+TwBqj1tCg==",
      "license": "Apache-2.0",
      "dependencies": {
        "@aws-sdk/endpoint-cache": "^3.972.8",
        "@aws-sdk/types": "^3.973.15",
        "@smithy/core": "^3.29.0",
        "@smithy/types": "^4.15.1",
        "tslib": "^2.6.2"
      },
      "engines": {
        "node": ">=20.0.0"
      }
    },
    "node_modules/@aws-sdk/nested-clients": {
      "version": "3.997.28",
      "resolved": "https://registry.npmjs.org/@aws-sdk/nested-clients/-/nested-clients-3.997.28.tgz",
      "integrity": "sha512-1oG/mM3jmE2M3kad2zWJS6IKIY8hjRV4l5kAgg+xTQdLMTtehhcSucL/y4WqQpcHmQwi6+gRK8E46GYl1NBW9Q==",
      "license": "Apache-2.0",
      "dependencies": {
        "@aws-sdk/core": "^3.974.28",
        "@aws-sdk/signature-v4-multi-region": "^3.996.38",
        "@aws-sdk/types": "^3.973.15",
        "@smithy/core": "^3.29.0",
        "@smithy/fetch-http-handler": "^5.6.2",
        "@smithy/node-http-handler": "^4.9.2",
        "@smithy/types": "^4.15.1",
        "tslib": "^2.6.2"
      },
      "engines": {
        "node": ">=20.0.0"
      }
    },
    "node_modules/@aws-sdk/signature-v4-multi-region": {
      "version": "3.996.38",
      "resolved": "https://registry.npmjs.org/@aws-sdk/signature-v4-multi-region/-/signature-v4-multi-region-3.996.38.tgz",
      "integrity": "sha512-C379Sk+MiFZCfWZphKlMyLHKxV22OjoGM5KJjj5IJNJcOCWL4IGIpnEGzv1FQiRwhYXfq55SJMfxlqPE08JJ9g==",
      "license": "Apache-2.0",
      "dependencies": {
        "@aws-sdk/types": "^3.973.15",
        "@smithy/signature-v4": "^5.6.1",
        "@smithy/types": "^4.15.1",
        "tslib": "^2.6.2"
      },
      "engines": {
        "node": ">=20.0.0"
      }
    },
    "node_modules/@aws-sdk/token-providers": {
      "version": "3.1080.0",
      "resolved": "https://registry.npmjs.org/@aws-sdk/token-providers/-/token-providers-3.1080.0.tgz",
      "integrity": "sha512-8PufAQvncWXvdZUvODbuyXa8l3aszefEzwSMBUcgheNbZOmJMcNn388Ebt/piVrUHyxKN1MlxnR2OonzTyZaGw==",
      "license": "Apache-2.0",
      "dependencies": {
        "@aws-sdk/core": "^3.974.28",
        "@aws-sdk/nested-clients": "^3.997.28",
        "@aws-sdk/types": "^3.973.15",
        "@smithy/core": "^3.29.0",
        "@smithy/types": "^4.15.1",
        "tslib": "^2.6.2"
      },
      "engines": {
        "node": ">=20.0.0"
      }
    },
    "node_modules/@aws-sdk/types": {
      "version": "3.973.15",
      "resolved": "https://registry.npmjs.org/@aws-sdk/types/-/types-3.973.15.tgz",
      "integrity": "sha512-IULn8uBV/SMtmOIANsm4WHXIOtVPBWfOWs3WGL0j/sI+KhaYehvOw0ET+9urnn8MBpiijuU/0JOpuwKOE451PQ==",
      "license": "Apache-2.0",
      "dependencies": {
        "@smithy/types": "^4.15.1",
        "tslib": "^2.6.2"
      },
      "engines": {
        "node": ">=20.0.0"
      }
    },
    "node_modules/@aws-sdk/util-dynamodb": {
      "version": "3.996.5",
      "resolved": "https://registry.npmjs.org/@aws-sdk/util-dynamodb/-/util-dynamodb-3.996.5.tgz",
      "integrity": "sha512-m9bdmYq3WtbMHAKGALw9XWiMBfKu5T8ukgdJT7Mc/d2oOwDGNFmhsnnkQ18xomoXo/ZHxAuIDi3Y6slsblW1Mg==",
      "license": "Apache-2.0",
      "dependencies": {
        "tslib": "^2.6.2"
      },
      "engines": {
        "node": ">=20.0.0"
      },
      "peerDependencies": {
        "@aws-sdk/client-dynamodb": "^3.1069.0"
      }
    },
    "node_modules/@aws-sdk/xml-builder": {
      "version": "3.972.33",
      "resolved": "https://registry.npmjs.org/@aws-sdk/xml-builder/-/xml-builder-3.972.33.tgz",
      "integrity": "sha512-ezbwz9WpuLctm6o7P2t2naDhVVPI5jFGrVefVybhcKGjU57VIyT46pQVO0RI2RYkUdhdj2Z9uSIlAzGZE9NW9A==",
      "license": "Apache-2.0",
      "dependencies": {
        "@smithy/types": "^4.15.1",
        "tslib": "^2.6.2"
      },
      "engines": {
        "node": ">=20.0.0"
      }
    },
    "node_modules/@aws/lambda-invoke-store": {
      "version": "0.2.4",
      "resolved": "https://registry.npmjs.org/@aws/lambda-invoke-store/-/lambda-invoke-store-0.2.4.tgz",
      "integrity": "sha512-iY8yvjE0y651BixKNPgmv1WrQc+GZ142sb0z4gYnChDDY2YqI4P/jsSopBWrKfAt7LOJAkOXt7rC/hms+WclQQ==",
      "license": "Apache-2.0",
      "engines": {
        "node": ">=18.0.0"
      }
    },
    "node_modules/@smithy/core": {
      "version": "3.29.1",
      "resolved": "https://registry.npmjs.org/@smithy/core/-/core-3.29.1.tgz",
      "integrity": "sha512-qoiY4nrk5OCu1+eIR1VB8l5DmON/oKiqrd5zZFAhXJXjJlLWQusKEW/SkBDAtGDcPaz86m9kfcE1lngU0GlM6A==",
      "license": "Apache-2.0",
      "dependencies": {
        "@smithy/types": "^4.15.1",
        "tslib": "^2.6.2"
      },
      "engines": {
        "node": ">=18.0.0"
      }
    },
    "node_modules/@smithy/credential-provider-imds": {
      "version": "4.4.6",
      "resolved": "https://registry.npmjs.org/@smithy/credential-provider-imds/-/credential-provider-imds-4.4.6.tgz",
      "integrity": "sha512-B2WQ/PV/H6Jeg3lrIq6bKUfa6Hy01mtK7CGs6lhjzHA6k4aagldH6T6eEjnzKl4HI0cJnAsxfJ19pgb5PV+CVQ==",
      "license": "Apache-2.0",
      "dependencies": {
        "@smithy/core": "^3.29.1",
        "@smithy/types": "^4.15.1",
        "tslib": "^2.6.2"
      },
      "engines": {
        "node": ">=18.0.0"
      }
    },
    "node_modules/@smithy/fetch-http-handler": {
      "version": "5.6.3",
      "resolved": "https://registry.npmjs.org/@smithy/fetch-http-handler/-/fetch-http-handler-5.6.3.tgz",
      "integrity": "sha512-CwCc/7SMTj45y97MUnDTbTaxvtAsiNNRm81z3abROIuMbMsC2Iy5EKfkkVdsKrz8WExQAAMx1EJapq+9j4fFTQ==",
      "license": "Apache-2.0",
      "dependencies": {
        "@smithy/core": "^3.29.1",
        "@smithy/types": "^4.15.1",
        "tslib": "^2.6.2"
      },
      "engines": {
        "node": ">=18.0.0"
      }
    },
    "node_modules/@smithy/node-http-handler": {
      "version": "4.9.3",
      "resolved": "https://registry.npmjs.org/@smithy/node-http-handler/-/node-http-handler-4.9.3.tgz",
      "integrity": "sha512-qZTa4gQFUo8RM02rk6q5UVTDLNrQ1oS20LsepBzqq1QBVc/EHJ03OOUADcqMZiXHArW+Y7+OGY0BpdTwZRq/Yg==",
      "license": "Apache-2.0",
      "dependencies": {
        "@smithy/core": "^3.29.1",
        "@smithy/types": "^4.15.1",
        "tslib": "^2.6.2"
      },
      "engines": {
        "node": ">=18.0.0"
      }
    },
    "node_modules/@smithy/signature-v4": {
      "version": "5.6.2",
      "resolved": "https://registry.npmjs.org/@smithy/signature-v4/-/signature-v4-5.6.2.tgz",
      "integrity": "sha512-QgHflghMoPxCJ9axiCVh8KZfbC9fuP6vkXXyK//E3cq7nLaSSyyLj0GAoqVWezYeDQmXIZhmlRvLE16jsqDK6g==",
      "license": "Apache-2.0",
      "dependencies": {
        "@smithy/core": "^3.29.1",
        "@smithy/types": "^4.15.1",
        "tslib": "^2.6.2"
      },
      "engines": {
        "node": ">=18.0.0"
      }
    },
    "node_modules/@smithy/types": {
      "version": "4.15.1",
      "resolved": "https://registry.npmjs.org/@smithy/types/-/types-4.15.1.tgz",
      "integrity": "sha512-x3L0XSACF6UYzKpa9biqiRMgvH5+wnFFew9Tm/grFYqgaupPwx/+ojDPpPJM8dZON3S9tjz5U+PQYsCBd1Mw5Q==",
      "license": "Apache-2.0",
      "dependencies": {
        "tslib": "^2.6.2"
      },
      "engines": {
        "node": ">=18.0.0"
      }
    },
    "node_modules/@types/cls-hooked": {
      "version": "4.3.9",
      "resolved": "https://registry.npmjs.org/@types/cls-hooked/-/cls-hooked-4.3.9.tgz",
      "integrity": "sha512-CMtHMz6Q/dkfcHarq9nioXH8BDPP+v5xvd+N90lBQ2bdmu06UvnLDqxTKoOJzz4SzIwb/x9i4UXGAAcnUDuIvg==",
      "license": "MIT",
      "dependencies": {
        "@types/node": "*"
      }
    },
    "node_modules/@types/node": {
      "version": "22.18.12",
      "resolved": "https://registry.npmjs.org/@types/node/-/node-22.18.12.tgz",
      "integrity": "sha512-BICHQ67iqxQGFSzfCFTT7MRQ5XcBjG5aeKh5Ok38UBbPe5fxTyE+aHFxwVrGyr8GNlqFMLKD1D3P2K/1ks8tog==",
      "license": "MIT",
      "dependencies": {
        "undici-types": "~6.21.0"
      }
    },
    "node_modules/async-hook-jl": {
      "version": "1.7.6",
      "resolved": "https://registry.npmjs.org/async-hook-jl/-/async-hook-jl-1.7.6.tgz",
      "integrity": "sha512-gFaHkFfSxTjvoxDMYqDuGHlcRyUuamF8s+ZTtJdDzqjws4mCt7v0vuV79/E2Wr2/riMQgtG4/yUtXWs1gZ7JMg==",
      "license": "MIT",
      "dependencies": {
        "stack-chain": "^1.3.7"
      },
      "engines": {
        "node": "^4.7 || >=6.9 || >=7.3"
      }
    },
    "node_modules/atomic-batcher": {
      "version": "1.0.2",
      "resolved": "https://registry.npmjs.org/atomic-batcher/-/atomic-batcher-1.0.2.tgz",
      "integrity": "sha512-EFGCRj4kLX1dHv1cDzTk+xbjBFj1GnJDpui52YmEcxxHHEWjYyT6l51U7n6WQ28osZH4S9gSybxe56Vm7vB61Q==",
      "license": "MIT"
    },
    "node_modules/aws-xray-sdk-core": {
      "version": "3.12.0",
      "resolved": "https://registry.npmjs.org/aws-xray-sdk-core/-/aws-xray-sdk-core-3.12.0.tgz",
      "integrity": "sha512-lwalRdxXRy+Sn49/vN7W507qqmBRk5Fy2o0a9U6XTjL9IV+oR5PUiiptoBrOcaYCiVuGld8OEbNqhm6wvV3m6A==",
      "license": "Apache-2.0",
      "dependencies": {
        "@aws-sdk/types": "^3.4.1",
        "@smithy/service-error-classification": "^2.0.4",
        "@types/cls-hooked": "^4.3.3",
        "atomic-batcher": "^1.0.2",
        "cls-hooked": "^4.2.2",
        "semver": "^7.5.3"
      },
      "engines": {
        "node": ">= 14.x"
      }
    },
    "node_modules/aws-xray-sdk-core/node_modules/@smithy/service-error-classification": {
      "version": "2.1.5",
      "resolved": "https://registry.npmjs.org/@smithy/service-error-classification/-/service-error-classification-2.1.5.tgz",
      "integrity": "sha512-uBDTIBBEdAQryvHdc5W8sS5YX7RQzF683XrHePVdFmAgKiMofU15FLSM0/HU03hKTnazdNRFa0YHS7+ArwoUSQ==",
      "license": "Apache-2.0",
      "dependencies": {
        "@smithy/types": "^2.12.0"
      },
      "engines": {
        "node": ">=14.0.0"
      }
    },
    "node_modules/aws-xray-sdk-core/node_modules/@smithy/types": {
      "version": "2.12.0",
      "resolved": "https://registry.npmjs.org/@smithy/types/-/types-2.12.0.tgz",
      "integrity": "sha512-QwYgloJ0sVNBeBuBs65cIkTbfzV/Q6ZNPCJ99EICFEdJYG50nGIY/uYXp+TbsdJReIuPr0a0kXmCvren3MbRRw==",
      "license": "Apache-2.0",
      "dependencies": {
        "tslib": "^2.6.2"
      },
      "engines": {
        "node": ">=14.0.0"
      }
    },
    "node_modules/bowser": {
      "version": "2.14.1",
      "resolved": "https://registry.npmjs.org/bowser/-/bowser-2.14.1.tgz",
      "integrity": "sha512-tzPjzCxygAKWFOJP011oxFHs57HzIhOEracIgAePE4pqB3LikALKnSzUyU4MGs9/iCEUuHlAJTjTc5M+u7YEGg==",
      "license": "MIT"
    },
    "node_modules/cls-hooked": {
      "version": "4.2.2",
      "resolved": "https://registry.npmjs.org/cls-hooked/-/cls-hooked-4.2.2.tgz",
      "integrity": "sha512-J4Xj5f5wq/4jAvcdgoGsL3G103BtWpZrMo8NEinRltN+xpTZdI+M38pyQqhuFU/P792xkMFvnKSf+Lm81U1bxw==",
      "license": "BSD-2-Clause",
      "dependencies": {
        "async-hook-jl": "^1.7.6",
        "emitter-listener": "^1.0.1",
        "semver": "^5.4.1"
      },
      "engines": {
        "node": "^4.7 || >=6.9 || >=7.3 || >=8.2.1"
      }
    },
    "node_modules/cls-hooked/node_modules/semver": {
      "version": "5.7.2",
      "resolved": "https://registry.npmjs.org/semver/-/semver-5.7.2.tgz",
      "integrity": "sha512-cBznnQ9KjJqU67B52RMC65CMarK2600WFnbkcaiwWq3xy/5haFJlshgnpjovMVJ+Hff49d8GEn0b87C5pDQ10g==",
      "license": "ISC",
      "bin": {
        "semver": "bin/semver"
      }
    },
    "node_modules/emitter-listener": {
      "version": "1.1.2",
      "resolved": "https://registry.npmjs.org/emitter-listener/-/emitter-listener-1.1.2.tgz",
      "integrity": "sha512-Bt1sBAGFHY9DKY+4/2cV6izcKJUf5T7/gkdmkxzX/qv9CcGH8xSwVRW5mtX03SWJtRTWSOpzCuWN9rBFYZepZQ==",
      "license": "BSD-2-Clause",
      "dependencies": {
        "shimmer": "^1.2.0"
      }
    },
    "node_modules/mnemonist": {
      "version": "0.38.3",
      "resolved": "https://registry.npmjs.org/mnemonist/-/mnemonist-0.38.3.tgz",
      "integrity": "sha512-2K9QYubXx/NAjv4VLq1d1Ly8pWNC5L3BrixtdkyTegXWJIqY+zLNDhhX/A+ZwWt70tB1S8H4BE8FLYEFyNoOBw==",
      "license": "MIT",
      "dependencies": {
        "obliterator": "^1.6.1"
      }
    },
    "node_modules/obliterator": {
      "version": "1.6.1",
      "resolved": "https://registry.npmjs.org/obliterator/-/obliterator-1.6.1.tgz",
      "integrity": "sha512-9WXswnqINnnhOG/5SLimUlzuU1hFJUc8zkwyD59Sd+dPOMf05PmnYG/d6Q7HZ+KmgkZJa1PxRso6QdM3sTNHig==",
      "license": "MIT"
    },
    "node_modules/semver": {
      "version": "7.7.3",
      "resolved": "https://registry.npmjs.org/semver/-/semver-7.7.3.tgz",
      "integrity": "sha512-SdsKMrI9TdgjdweUSR9MweHA4EJ8YxHn8DFaDisvhVlUOe4BF1tLD7GAj0lIqWVl+dPb/rExr0Btby5loQm20Q==",
      "license": "ISC",
      "bin": {
        "semver": "bin/semver.js"
      },
      "engines": {
        "node": ">=10"
      }
    },
    "node_modules/shimmer": {
      "version": "1.2.1",
      "resolved": "https://registry.npmjs.org/shimmer/-/shimmer-1.2.1.tgz",
      "integrity": "sha512-sQTKC1Re/rM6XyFM6fIAGHRPVGvyXfgzIDvzoq608vM+jeyVD0Tu1E6Np0Kc2zAIFWIj963V2800iF/9LPieQw==",
      "license": "BSD-2-Clause"
    },
    "node_modules/stack-chain": {
      "version": "1.3.7",
      "resolved": "https://registry.npmjs.org/stack-chain/-/stack-chain-1.3.7.tgz",
      "integrity": "sha512-D8cWtWVdIe/jBA7v5p5Hwl5yOSOrmZPWDPe2KxQ5UAGD+nxbxU0lKXA4h85Ta6+qgdKVL3vUxsbIZjc1kBG7ug==",
      "license": "MIT"
    },
    "node_modules/tslib": {
      "version": "2.8.1",
      "resolved": "https://registry.npmjs.org/tslib/-/tslib-2.8.1.tgz",
      "integrity": "sha512-oJFu94HQb+KVduSUQL7wnpmqnfmLsOA/nAh6b6EH0wCEoK0/mPeXU6c3wKDV83MkOuHPRHtSXKKU99IBazS/2w==",
      "license": "0BSD"
    },
    "node_modules/undici-types": {
      "version": "6.21.0",
      "resolved": "https://registry.npmjs.org/undici-types/-/undici-types-6.21.0.tgz",
      "integrity": "sha512-iwDZqg0QAGrg9Rav5H4n0M64c3mkR59cJ6wQp+7C4nI0gsmExaedaYLNO44eT4AtBBwjbTiGPMlt2Md0T9H9JQ==",
      "license": "MIT"
    }
  }
}
