{
  "name": "driver-matching-service",
  "version": "1.0.0",
  "lockfileVersion": 3,
  "requires": true,
  "packages": {
    "": {
      "name": "driver-matching-service",
      "version": "1.0.0",
      "license": "MIT",
      "dependencies": {
        "@aws-lambda-powertools/logger": "^2.33.1",
        "@aws-lambda-powertools/metrics": "^2.33.1",
        "@aws-lambda-powertools/tracer": "^2.33.1",
        "@aws-sdk/client-dynamodb": "^3.1061.0",
        "@aws-sdk/client-eventbridge": "^3.1061.0",
        "@aws-sdk/lib-dynamodb": "^3.1061.0"
      }
    },
    "node_modules/@aws-crypto/crc32": {
      "version": "5.2.0",
      "resolved": "https://registry.npmjs.org/@aws-crypto/crc32/-/crc32-5.2.0.tgz",
      "integrity": "sha512-nLbCWqQNgUiwwtFsen1AdzAtvuLRsQS8rYgMuxCrdKf9kOssamGLuPwyTY9wyYblNr9+1XM8v6zoDTPPSIeANg==",
      "license": "Apache-2.0",
      "dependencies": {
        "@aws-crypto/util": "^5.2.0",
        "@aws-sdk/types": "^3.222.0",
        "tslib": "^2.6.2"
      },
      "engines": {
        "node": ">=16.0.0"
      }
    },
    "node_modules/@aws-crypto/sha256-browser": {
      "version": "5.2.0",
      "resolved": "https://registry.npmjs.org/@aws-crypto/sha256-browser/-/sha256-browser-5.2.0.tgz",
      "integrity": "sha512-AXfN/lGotSQwu6HNcEsIASo7kWXZ5HYWvfOmSNKDsEqC4OashTp8alTmaz+F7TC2L083SFv5RdB+qU3Vs1kZqw==",
      "license": "Apache-2.0",
      "dependencies": {
        "@aws-crypto/sha256-js": "^5.2.0",
        "@aws-crypto/supports-web-crypto": "^5.2.0",
        "@aws-crypto/util": "^5.2.0",
        "@aws-sdk/types": "^3.222.0",
        "@aws-sdk/util-locate-window": "^3.0.0",
        "@smithy/util-utf8": "^2.0.0",
        "tslib": "^2.6.2"
      }
    },
    "node_modules/@aws-crypto/sha256-browser/node_modules/@smithy/is-array-buffer": {
      "version": "2.2.0",
      "resolved": "https://registry.npmjs.org/@smithy/is-array-buffer/-/is-array-buffer-2.2.0.tgz",
      "integrity": "sha512-GGP3O9QFD24uGeAXYUjwSTXARoqpZykHadOmA8G5vfJPK0/DC67qa//0qvqrJzL1xc8WQWX7/yc7fwudjPHPhA==",
      "license": "Apache-2.0",
      "dependencies": {
        "tslib": "^2.6.2"
      },
      "engines": {
        "node": ">=14.0.0"
      }
    },
    "node_modules/@aws-crypto/sha256-browser/node_modules/@smithy/util-buffer-from": {
      "version": "2.2.0",
      "resolved": "https://registry.npmjs.org/@smithy/util-buffer-from/-/util-buffer-from-2.2.0.tgz",
      "integrity": "sha512-IJdWBbTcMQ6DA0gdNhh/BwrLkDR+ADW5Kr1aZmd4k3DIF6ezMV4R2NIAmT08wQJ3yUK82thHWmC/TnK/wpMMIA==",
      "license": "Apache-2.0",
      "dependencies": {
        "@smithy/is-array-buffer": "^2.2.0",
        "tslib": "^2.6.2"
      },
      "engines": {
        "node": ">=14.0.0"
      }
    },
    "node_modules/@aws-crypto/sha256-browser/node_modules/@smithy/util-utf8": {
      "version": "2.3.0",
      "resolved": "https://registry.npmjs.org/@smithy/util-utf8/-/util-utf8-2.3.0.tgz",
      "integrity": "sha512-R8Rdn8Hy72KKcebgLiv8jQcQkXoLMOGGv5uI1/k0l+snqkOzQ1R0ChUBCxWMlBsFMekWjq0wRudIweFs7sKT5A==",
      "license": "Apache-2.0",
      "dependencies": {
        "@smithy/util-buffer-from": "^2.2.0",
        "tslib": "^2.6.2"
      },
      "engines": {
        "node": ">=14.0.0"
      }
    },
    "node_modules/@aws-crypto/sha256-js": {
      "version": "5.2.0",
      "resolved": "https://registry.npmjs.org/@aws-crypto/sha256-js/-/sha256-js-5.2.0.tgz",
      "integrity": "sha512-FFQQyu7edu4ufvIZ+OadFpHHOt+eSTBaYaki44c+akjg7qZg9oOQeLlk77F6tSYqjDAFClrHJk9tMf0HdVyOvA==",
      "license": "Apache-2.0",
      "dependencies": {
        "@aws-crypto/util": "^5.2.0",
        "@aws-sdk/types": "^3.222.0",
        "tslib": "^2.6.2"
      },
      "engines": {
        "node": ">=16.0.0"
      }
    },
    "node_modules/@aws-crypto/supports-web-crypto": {
      "version": "5.2.0",
      "resolved": "https://registry.npmjs.org/@aws-crypto/supports-web-crypto/-/supports-web-crypto-5.2.0.tgz",
      "integrity": "sha512-iAvUotm021kM33eCdNfwIN//F77/IADDSs58i+MDaOqFrVjZo9bAal0NK7HurRuWLLpF1iLX7gbWrjHjeo+YFg==",
      "license": "Apache-2.0",
      "dependencies": {
        "tslib": "^2.6.2"
      }
    },
    "node_modules/@aws-crypto/util": {
      "version": "5.2.0",
      "resolved": "https://registry.npmjs.org/@aws-crypto/util/-/util-5.2.0.tgz",
      "integrity": "sha512-4RkU9EsI6ZpBve5fseQlGNUWKMa1RLPQ1dnjnQoe07ldfIzcsGb5hC5W0Dm7u423KWzawlrpbjXBrXCEv9zazQ==",
      "license": "Apache-2.0",
      "dependencies": {
        "@aws-sdk/types": "^3.222.0",
        "@smithy/util-utf8": "^2.0.0",
        "tslib": "^2.6.2"
      }
    },
    "node_modules/@aws-crypto/util/node_modules/@smithy/is-array-buffer": {
      "version": "2.2.0",
      "resolved": "https://registry.npmjs.org/@smithy/is-array-buffer/-/is-array-buffer-2.2.0.tgz",
      "integrity": "sha512-GGP3O9QFD24uGeAXYUjwSTXARoqpZykHadOmA8G5vfJPK0/DC67qa//0qvqrJzL1xc8WQWX7/yc7fwudjPHPhA==",
      "license": "Apache-2.0",
      "dependencies": {
        "tslib": "^2.6.2"
      },
      "engines": {
        "node": ">=14.0.0"
      }
    },
    "node_modules/@aws-crypto/util/node_modules/@smithy/util-buffer-from": {
      "version": "2.2.0",
      "resolved": "https://registry.npmjs.org/@smithy/util-buffer-from/-/util-buffer-from-2.2.0.tgz",
      "integrity": "sha512-IJdWBbTcMQ6DA0gdNhh/BwrLkDR+ADW5Kr1aZmd4k3DIF6ezMV4R2NIAmT08wQJ3yUK82thHWmC/TnK/wpMMIA==",
      "license": "Apache-2.0",
      "dependencies": {
        "@smithy/is-array-buffer": "^2.2.0",
        "tslib": "^2.6.2"
      },
      "engines": {
        "node": ">=14.0.0"
      }
    },
    "node_modules/@aws-crypto/util/node_modules/@smithy/util-utf8": {
      "version": "2.3.0",
      "resolved": "https://registry.npmjs.org/@smithy/util-utf8/-/util-utf8-2.3.0.tgz",
      "integrity": "sha512-R8Rdn8Hy72KKcebgLiv8jQcQkXoLMOGGv5uI1/k0l+snqkOzQ1R0ChUBCxWMlBsFMekWjq0wRudIweFs7sKT5A==",
      "license": "Apache-2.0",
      "dependencies": {
        "@smithy/util-buffer-from": "^2.2.0",
        "tslib": "^2.6.2"
      },
      "engines": {
        "node": ">=14.0.0"
      }
    },
    "node_modules/@aws-lambda-powertools/commons": {
      "version": "2.33.1",
      "resolved": "https://registry.npmjs.org/@aws-lambda-powertools/commons/-/commons-2.33.1.tgz",
      "integrity": "sha512-edzvz+zqBl8p9J2Cgo1rFmhd+3ANqr0PQDqowElS3CJ10ioHN2wUYiANGxfalcgbB8ulZxGkRbK3wvEEziV/5w==",
      "license": "MIT-0",
      "dependencies": {
        "@aws/lambda-invoke-store": "0.2.4"
      }
    },
    "node_modules/@aws-lambda-powertools/logger": {
      "version": "2.33.1",
      "resolved": "https://registry.npmjs.org/@aws-lambda-powertools/logger/-/logger-2.33.1.tgz",
      "integrity": "sha512-DDnKcv2zghslh2AtrVsa4wHcAuI5M7+JlX65CgdXLk2th0Nr0octJQq0f4Bnp+DzuwFynmH4GJqsBe33rZapAw==",
      "license": "MIT-0",
      "dependencies": {
        "@aws-lambda-powertools/commons": "2.33.1",
        "@aws/lambda-invoke-store": "0.2.4"
      },
      "peerDependencies": {
        "@aws-lambda-powertools/jmespath": "2.33.1",
        "@middy/core": "4.x || 5.x || 6.x || 7.x"
      },
      "peerDependenciesMeta": {
        "@aws-lambda-powertools/jmespath": {
          "optional": true
        },
        "@middy/core": {
          "optional": true
        }
      }
    },
    "node_modules/@aws-lambda-powertools/metrics": {
      "version": "2.33.1",
      "resolved": "https://registry.npmjs.org/@aws-lambda-powertools/metrics/-/metrics-2.33.1.tgz",
      "integrity": "sha512-QtkymyPtLqMuxTcwfHLahw2UOcHeEGISL3kA+5/mdBiHjnQE0qeWZKZ+SzMOwMTWvD2jHYN+K5F/8SODDb6yIQ==",
      "license": "MIT-0",
      "dependencies": {
        "@aws-lambda-powertools/commons": "2.33.1",
        "@aws/lambda-invoke-store": "0.2.4"
      },
      "peerDependencies": {
        "@middy/core": "4.x || 5.x || 6.x || 7.x"
      },
      "peerDependenciesMeta": {
        "@middy/core": {
          "optional": true
        }
      }
    },
    "node_modules/@aws-lambda-powertools/tracer": {
      "version": "2.33.1",
      "resolved": "https://registry.npmjs.org/@aws-lambda-powertools/tracer/-/tracer-2.33.1.tgz",
      "integrity": "sha512-A/iTiDyXFpk+E6OWIiD9xWJLBUFSHjX2FP3yv2y1ODthG/N699hV0sMqLffN9w1/VlDvamHyi8Zm+hceXCnG6w==",
      "license": "MIT-0",
      "dependencies": {
        "@aws-lambda-powertools/commons": "2.33.1",
        "aws-xray-sdk-core": "^3.12.0"
      },
      "peerDependencies": {
        "@middy/core": "4.x || 5.x || 6.x || 7.x"
      },
      "peerDependenciesMeta": {
        "@middy/core": {
          "optional": true
        }
      }
    },
    "node_modules/@aws-sdk/client-dynamodb": {
      "version": "3.1061.0",
      "resolved": "https://registry.npmjs.org/@aws-sdk/client-dynamodb/-/client-dynamodb-3.1061.0.tgz",
      "integrity": "sha512-GbmTQ1OgqYaB39rrJCZuX/zaS2Yc0fQnF1chdXJXzERfnsUJMBfQgzM/gyh0Xg8vyVSk1CvsOnlfRhMa2L6X4Q==",
      "license": "Apache-2.0",
      "dependencies": {
        "@aws-crypto/sha256-browser": "5.2.0",
        "@aws-crypto/sha256-js": "5.2.0",
        "@aws-sdk/core": "^3.974.17",
        "@aws-sdk/credential-provider-node": "^3.972.50",
        "@aws-sdk/dynamodb-codec": "^3.973.17",
        "@aws-sdk/middleware-endpoint-discovery": "^3.972.16",
        "@aws-sdk/types": "^3.973.10",
        "@smithy/core": "^3.24.6",
        "@smithy/fetch-http-handler": "^5.4.6",
        "@smithy/node-http-handler": "^4.7.6",
        "@smithy/types": "^4.14.3",
        "tslib": "^2.6.2"
      },
      "engines": {
        "node": ">=20.0.0"
      }
    },
    "node_modules/@aws-sdk/client-eventbridge": {
      "version": "3.1061.0",
      "resolved": "https://registry.npmjs.org/@aws-sdk/client-eventbridge/-/client-eventbridge-3.1061.0.tgz",
      "integrity": "sha512-9ULNadUvuJCzrn40tzquKrZ6dVVFIrwwv68H7UZyFLvVjHMDBVZV4hx2Xh6h8S8mZIeSWm91Tr/yj4VrtP9eSg==",
      "license": "Apache-2.0",
      "dependencies": {
        "@aws-crypto/sha256-browser": "5.2.0",
        "@aws-crypto/sha256-js": "5.2.0",
        "@aws-sdk/core": "^3.974.17",
        "@aws-sdk/credential-provider-node": "^3.972.50",
        "@aws-sdk/signature-v4-multi-region": "^3.996.31",
        "@aws-sdk/types": "^3.973.10",
        "@smithy/core": "^3.24.6",
        "@smithy/fetch-http-handler": "^5.4.6",
        "@smithy/node-http-handler": "^4.7.6",
        "@smithy/types": "^4.14.3",
        "tslib": "^2.6.2"
      },
      "engines": {
        "node": ">=20.0.0"
      }
    },
    "node_modules/@aws-sdk/core": {
      "version": "3.974.17",
      "resolved": "https://registry.npmjs.org/@aws-sdk/core/-/core-3.974.17.tgz",
      "integrity": "sha512-r8o4h2K7j6P9ngno+8ei0aK0U/4JwDb7A2fMMxGVoSqDN8AFlIzSDeZHME9LcVLR2codyhtr1WAAg+/nmkeeMA==",
      "license": "Apache-2.0",
      "dependencies": {
        "@aws-sdk/types": "^3.973.10",
        "@aws-sdk/xml-builder": "^3.972.27",
        "@aws/lambda-invoke-store": "^0.2.2",
        "@smithy/core": "^3.24.6",
        "@smithy/signature-v4": "^5.4.6",
        "@smithy/types": "^4.14.3",
        "bowser": "^2.11.0",
        "tslib": "^2.6.2"
      },
      "engines": {
        "node": ">=20.0.0"
      }
    },
    "node_modules/@aws-sdk/credential-provider-env": {
      "version": "3.972.43",
      "resolved": "https://registry.npmjs.org/@aws-sdk/credential-provider-env/-/credential-provider-env-3.972.43.tgz",
      "integrity": "sha512-g0XVQKzaA/4cq1vz1IvCQwYM+1Pkv01J9yHDpCTXekVuGZRDEz0wqBQ1AuYTq7FM6uik4uBGH8Tb5d9YvgeA7g==",
      "license": "Apache-2.0",
      "dependencies": {
        "@aws-sdk/core": "^3.974.17",
        "@aws-sdk/types": "^3.973.10",
        "@smithy/core": "^3.24.6",
        "@smithy/types": "^4.14.3",
        "tslib": "^2.6.2"
      },
      "engines": {
        "node": ">=20.0.0"
      }
    },
    "node_modules/@aws-sdk/credential-provider-http": {
      "version": "3.972.45",
      "resolved": "https://registry.npmjs.org/@aws-sdk/credential-provider-http/-/credential-provider-http-3.972.45.tgz",
      "integrity": "sha512-w9PuOoKCt6+xoESvY+zlV0u3PKQ0mVL259PcsVR6a3S/uYJJHnIi4r1NxdJHEcNldUVRIciltWnFMGBR4YEm3g==",
      "license": "Apache-2.0",
      "dependencies": {
        "@aws-sdk/core": "^3.974.17",
        "@aws-sdk/types": "^3.973.10",
        "@smithy/core": "^3.24.6",
        "@smithy/fetch-http-handler": "^5.4.6",
        "@smithy/node-http-handler": "^4.7.6",
        "@smithy/types": "^4.14.3",
        "tslib": "^2.6.2"
      },
      "engines": {
        "node": ">=20.0.0"
      }
    },
    "node_modules/@aws-sdk/credential-provider-ini": {
      "version": "3.972.48",
      "resolved": "https://registry.npmjs.org/@aws-sdk/credential-provider-ini/-/credential-provider-ini-3.972.48.tgz",
      "integrity": "sha512-+6BQ6Lrnc+EyAGElLRW6j+Sa+RirPHnIJsobvYO6nnyK+oGKmz1ne/ieclbLWyjyDKEU3/JVJWcWY3VLFPvGtQ==",
      "license": "Apache-2.0",
      "dependencies": {
        "@aws-sdk/core": "^3.974.17",
        "@aws-sdk/credential-provider-env": "^3.972.43",
        "@aws-sdk/credential-provider-http": "^3.972.45",
        "@aws-sdk/credential-provider-login": "^3.972.47",
        "@aws-sdk/credential-provider-process": "^3.972.43",
        "@aws-sdk/credential-provider-sso": "^3.972.47",
        "@aws-sdk/credential-provider-web-identity": "^3.972.47",
        "@aws-sdk/nested-clients": "^3.997.15",
        "@aws-sdk/types": "^3.973.10",
        "@smithy/core": "^3.24.6",
        "@smithy/credential-provider-imds": "^4.3.7",
        "@smithy/types": "^4.14.3",
        "tslib": "^2.6.2"
      },
      "engines": {
        "node": ">=20.0.0"
      }
    },
    "node_modules/@aws-sdk/credential-provider-login": {
      "version": "3.972.47",
      "resolved": "https://registry.npmjs.org/@aws-sdk/credential-provider-login/-/credential-provider-login-3.972.47.tgz",
      "integrity": "sha512-Iy2ebWVgrZBH05464uJiQYu6HSSiROnwVZptthEFXx2gWjo1ORCxEAFZB5Cr2MdfrSnZ+0QUPkZ1ZpCqpkUrLQ==",
      "license": "Apache-2.0",
      "dependencies": {
        "@aws-sdk/core": "^3.974.17",
        "@aws-sdk/nested-clients": "^3.997.15",
        "@aws-sdk/types": "^3.973.10",
        "@smithy/core": "^3.24.6",
        "@smithy/types": "^4.14.3",
        "tslib": "^2.6.2"
      },
      "engines": {
        "node": ">=20.0.0"
      }
    },
    "node_modules/@aws-sdk/credential-provider-node": {
      "version": "3.972.50",
      "resolved": "https://registry.npmjs.org/@aws-sdk/credential-provider-node/-/credential-provider-node-3.972.50.tgz",
      "integrity": "sha512-b05Aelq5cqAvCCDQjCYacl0XmR8QhBNSqLbsdISkQmlQBa5oPS66zYPteWcSp5LswbpoIe552EUGjluKiadBig==",
      "license": "Apache-2.0",
      "dependencies": {
        "@aws-sdk/credential-provider-env": "^3.972.43",
        "@aws-sdk/credential-provider-http": "^3.972.45",
        "@aws-sdk/credential-provider-ini": "^3.972.48",
        "@aws-sdk/credential-provider-process": "^3.972.43",
        "@aws-sdk/credential-provider-sso": "^3.972.47",
        "@aws-sdk/credential-provider-web-identity": "^3.972.47",
        "@aws-sdk/types": "^3.973.10",
        "@smithy/core": "^3.24.6",
        "@smithy/credential-provider-imds": "^4.3.7",
        "@smithy/types": "^4.14.3",
        "tslib": "^2.6.2"
      },
      "engines": {
        "node": ">=20.0.0"
      }
    },
    "node_modules/@aws-sdk/credential-provider-process": {
      "version": "3.972.43",
      "resolved": "https://registry.npmjs.org/@aws-sdk/credential-provider-process/-/credential-provider-process-3.972.43.tgz",
      "integrity": "sha512-GPokLNyvTfCmuaHk+v3GKVs4ZT3cMu5kgS2a+NPkOMt96cq6fSIK0g+mZHpGS6Cd4QGrPKesANEaLUKgOskTzg==",
      "license": "Apache-2.0",
      "dependencies": {
        "@aws-sdk/core": "^3.974.17",
        "@aws-sdk/types": "^3.973.10",
        "@smithy/core": "^3.24.6",
        "@smithy/types": "^4.14.3",
        "tslib": "^2.6.2"
      },
      "engines": {
        "node": ">=20.0.0"
      }
    },
    "node_modules/@aws-sdk/credential-provider-sso": {
      "version": "3.972.47",
      "resolved": "https://registry.npmjs.org/@aws-sdk/credential-provider-sso/-/credential-provider-sso-3.972.47.tgz",
      "integrity": "sha512-0AzvLrzlvJs0DzbeWGvNj+bX3Uzd7VNS6vDqCOdZzBlCGKGd78uxctJSW9iK/Rt/nxiJqpTvrYQlVJ4guVM2Dw==",
      "license": "Apache-2.0",
      "dependencies": {
        "@aws-sdk/core": "^3.974.17",
        "@aws-sdk/nested-clients": "^3.997.15",
        "@aws-sdk/token-providers": "3.1060.0",
        "@aws-sdk/types": "^3.973.10",
        "@smithy/core": "^3.24.6",
        "@smithy/types": "^4.14.3",
        "tslib": "^2.6.2"
      },
      "engines": {
        "node": ">=20.0.0"
      }
    },
    "node_modules/@aws-sdk/credential-provider-web-identity": {
      "version": "3.972.47",
      "resolved": "https://registry.npmjs.org/@aws-sdk/credential-provider-web-identity/-/credential-provider-web-identity-3.972.47.tgz",
      "integrity": "sha512-eksfbUErOejUAGWBAcNqaP7IX21oUOEo73d9R56k9Ua4d57qS90NEYkWJsuSGzTXMFulCu17qXJI/qGmM7hvoA==",
      "license": "Apache-2.0",
      "dependencies": {
        "@aws-sdk/core": "^3.974.17",
        "@aws-sdk/nested-clients": "^3.997.15",
        "@aws-sdk/types": "^3.973.10",
        "@smithy/core": "^3.24.6",
        "@smithy/types": "^4.14.3",
        "tslib": "^2.6.2"
      },
      "engines": {
        "node": ">=20.0.0"
      }
    },
    "node_modules/@aws-sdk/dynamodb-codec": {
      "version": "3.973.17",
      "resolved": "https://registry.npmjs.org/@aws-sdk/dynamodb-codec/-/dynamodb-codec-3.973.17.tgz",
      "integrity": "sha512-pQWklb7GU4WBx2E1aMRMsMCtCq8O6BBeqmV5URtcXDld4n+qtNr2A3x2Ld6dQadqFrThqmlc66Ue/tL8pwhNOA==",
      "license": "Apache-2.0",
      "dependencies": {
        "@aws-sdk/core": "^3.974.17",
        "@smithy/core": "^3.24.6",
        "@smithy/types": "^4.14.3",
        "tslib": "^2.6.2"
      },
      "engines": {
        "node": ">=20.0.0"
      }
    },
    "node_modules/@aws-sdk/endpoint-cache": {
      "version": "3.972.5",
      "resolved": "https://registry.npmjs.org/@aws-sdk/endpoint-cache/-/endpoint-cache-3.972.5.tgz",
      "integrity": "sha512-itVdge0NozgtgmtbZ25FVwWU3vGlE7x7feE/aOEJNkQfEpbkrF8Rj1QmnK+2blFfYE1xWt/iU+6/jUp/pv1+MA==",
      "license": "Apache-2.0",
      "dependencies": {
        "mnemonist": "0.38.3",
        "tslib": "^2.6.2"
      },
      "engines": {
        "node": ">=20.0.0"
      }
    },
    "node_modules/@aws-sdk/lib-dynamodb": {
      "version": "3.1061.0",
      "resolved": "https://registry.npmjs.org/@aws-sdk/lib-dynamodb/-/lib-dynamodb-3.1061.0.tgz",
      "integrity": "sha512-Pebj3QbKJ3OIhrihHQ4LzZ1gRXqtl8pSrQB7xs5THGLsdPfs1hKcxsliB/MPtPNDOYzRHBzUCvMd/xnpp5MIEA==",
      "license": "Apache-2.0",
      "dependencies": {
        "@aws-sdk/core": "^3.974.17",
        "@aws-sdk/util-dynamodb": "^3.996.2",
        "@smithy/core": "^3.24.6",
        "@smithy/types": "^4.14.3",
        "tslib": "^2.6.2"
      },
      "engines": {
        "node": ">=20.0.0"
      },
      "peerDependencies": {
        "@aws-sdk/client-dynamodb": "^3.1061.0"
      }
    },
    "node_modules/@aws-sdk/middleware-endpoint-discovery": {
      "version": "3.972.16",
      "resolved": "https://registry.npmjs.org/@aws-sdk/middleware-endpoint-discovery/-/middleware-endpoint-discovery-3.972.16.tgz",
      "integrity": "sha512-ULfU47WcHvfjzk5CeJcHAwoYSIIBjNKQnGrs3/jJhyHqbx/A+zGOIsnZt0MxKS64SAComc0CIlBGugSTSaZOYw==",
      "license": "Apache-2.0",
      "dependencies": {
        "@aws-sdk/endpoint-cache": "^3.972.5",
        "@aws-sdk/types": "^3.973.10",
        "@smithy/core": "^3.24.6",
        "@smithy/types": "^4.14.3",
        "tslib": "^2.6.2"
      },
      "engines": {
        "node": ">=20.0.0"
      }
    },
    "node_modules/@aws-sdk/nested-clients": {
      "version": "3.997.15",
      "resolved": "https://registry.npmjs.org/@aws-sdk/nested-clients/-/nested-clients-3.997.15.tgz",
      "integrity": "sha512-Fpri1/PXKMKveORZ7E00VLTlWS5DkfZkW70PUE+bOnpWpAeHAQLoiDHhkzN3kNWbbSsGg64+IZYiq/EZgME3Mg==",
      "license": "Apache-2.0",
      "dependencies": {
        "@aws-crypto/sha256-browser": "5.2.0",
        "@aws-crypto/sha256-js": "5.2.0",
        "@aws-sdk/core": "^3.974.17",
        "@aws-sdk/signature-v4-multi-region": "^3.996.31",
        "@aws-sdk/types": "^3.973.10",
        "@smithy/core": "^3.24.6",
        "@smithy/fetch-http-handler": "^5.4.6",
        "@smithy/node-http-handler": "^4.7.6",
        "@smithy/types": "^4.14.3",
        "tslib": "^2.6.2"
      },
      "engines": {
        "node": ">=20.0.0"
      }
    },
    "node_modules/@aws-sdk/signature-v4-multi-region": {
      "version": "3.996.31",
      "resolved": "https://registry.npmjs.org/@aws-sdk/signature-v4-multi-region/-/signature-v4-multi-region-3.996.31.tgz",
      "integrity": "sha512-Kn2up9SlG1KC6wRtwf0d7waTGF6rvp9DxYqB54x6UCKdQ6kyaXCqHL4WGb5vUJga5kS8FxnjhY0LqM28aMvnNQ==",
      "license": "Apache-2.0",
      "dependencies": {
        "@aws-sdk/types": "^3.973.10",
        "@smithy/signature-v4": "^5.4.6",
        "@smithy/types": "^4.14.3",
        "tslib": "^2.6.2"
      },
      "engines": {
        "node": ">=20.0.0"
      }
    },
    "node_modules/@aws-sdk/token-providers": {
      "version": "3.1060.0",
      "resolved": "https://registry.npmjs.org/@aws-sdk/token-providers/-/token-providers-3.1060.0.tgz",
      "integrity": "sha512-6NZaMKkFhpaNiwLpHi1sZaYjidL/lCJE6ME6NxwA8gv9vQna+Kr0j4OFwVoz6tANRWM3WbGz6jiPsGX/Vkjwow==",
      "license": "Apache-2.0",
      "dependencies": {
        "@aws-sdk/core": "^3.974.17",
        "@aws-sdk/nested-clients": "^3.997.15",
        "@aws-sdk/types": "^3.973.10",
        "@smithy/core": "^3.24.6",
        "@smithy/types": "^4.14.3",
        "tslib": "^2.6.2"
      },
      "engines": {
        "node": ">=20.0.0"
      }
    },
    "node_modules/@aws-sdk/types": {
      "version": "3.973.10",
      "resolved": "https://registry.npmjs.org/@aws-sdk/types/-/types-3.973.10.tgz",
      "integrity": "sha512-992QrTO7G9qCvKD0fx1rMlqcL14plUcRAbwmqqYVsuF3GrqcvlAL9qxR+baMafarEZ+l7DUQ5lCMmt5mbMhF7g==",
      "license": "Apache-2.0",
      "dependencies": {
        "@smithy/types": "^4.14.3",
        "tslib": "^2.6.2"
      },
      "engines": {
        "node": ">=20.0.0"
      }
    },
    "node_modules/@aws-sdk/util-dynamodb": {
      "version": "3.996.2",
      "resolved": "https://registry.npmjs.org/@aws-sdk/util-dynamodb/-/util-dynamodb-3.996.2.tgz",
      "integrity": "sha512-ddpwaZmjBzcApYN7lgtAXjk+u+GO8fiPsxzuc59UqP+zqdxI1gsenPvkyiHiF9LnYnyRGijz6oN2JylnN561qQ==",
      "license": "Apache-2.0",
      "dependencies": {
        "tslib": "^2.6.2"
      },
      "engines": {
        "node": ">=20.0.0"
      },
      "peerDependencies": {
        "@aws-sdk/client-dynamodb": "^3.1003.0"
      }
    },
    "node_modules/@aws-sdk/util-locate-window": {
      "version": "3.893.0",
      "resolved": "https://registry.npmjs.org/@aws-sdk/util-locate-window/-/util-locate-window-3.893.0.tgz",
      "integrity": "sha512-T89pFfgat6c8nMmpI8eKjBcDcgJq36+m9oiXbcUzeU55MP9ZuGgBomGjGnHaEyF36jenW9gmg3NfZDm0AO2XPg==",
      "license": "Apache-2.0",
      "dependencies": {
        "tslib": "^2.6.2"
      },
      "engines": {
        "node": ">=18.0.0"
      }
    },
    "node_modules/@aws-sdk/xml-builder": {
      "version": "3.972.27",
      "resolved": "https://registry.npmjs.org/@aws-sdk/xml-builder/-/xml-builder-3.972.27.tgz",
      "integrity": "sha512-hpsCXCOI436kxWpjtRuIHVvuPP81MOw8f18jzfZeg+UOiiOvlqWcmWChzEhJEu16cOC6+ku4ncBN+7rdt+DZ9g==",
      "license": "Apache-2.0",
      "dependencies": {
        "@smithy/types": "^4.14.3",
        "fast-xml-parser": "5.7.3",
        "tslib": "^2.6.2"
      },
      "engines": {
        "node": ">=20.0.0"
      }
    },
    "node_modules/@aws/lambda-invoke-store": {
      "version": "0.2.4",
      "resolved": "https://registry.npmjs.org/@aws/lambda-invoke-store/-/lambda-invoke-store-0.2.4.tgz",
      "integrity": "sha512-iY8yvjE0y651BixKNPgmv1WrQc+GZ142sb0z4gYnChDDY2YqI4P/jsSopBWrKfAt7LOJAkOXt7rC/hms+WclQQ==",
      "license": "Apache-2.0",
      "engines": {
        "node": ">=18.0.0"
      }
    },
    "node_modules/@nodable/entities": {
      "version": "2.1.1",
      "resolved": "https://registry.npmjs.org/@nodable/entities/-/entities-2.1.1.tgz",
      "integrity": "sha512-Pig3HxDIoMgjdEH8OCf/dkcTmLFjJRjWuq8jSnklu284/TKOPibSRERmOykiwmyXTtv61mP+44f3GMx0tLAyjg==",
      "funding": [
        {
          "type": "github",
          "url": "https://github.com/sponsors/nodable"
        }
      ],
      "license": "MIT"
    },
    "node_modules/@smithy/core": {
      "version": "3.24.6",
      "resolved": "https://registry.npmjs.org/@smithy/core/-/core-3.24.6.tgz",
      "integrity": "sha512-wBXDRup6UU97VKyaiRo8AssnfStPtG0oAAfpq/bC0a1YYau8pM86YB4kM6ccoVi1mS8l/UHbn9oDM+7uozr/ug==",
      "license": "Apache-2.0",
      "dependencies": {
        "@aws-crypto/crc32": "5.2.0",
        "@smithy/types": "^4.14.3",
        "tslib": "^2.6.2"
      },
      "engines": {
        "node": ">=18.0.0"
      }
    },
    "node_modules/@smithy/credential-provider-imds": {
      "version": "4.3.7",
      "resolved": "https://registry.npmjs.org/@smithy/credential-provider-imds/-/credential-provider-imds-4.3.7.tgz",
      "integrity": "sha512-xj8gq/bjFABAh6qWPSDCYcY3kzQIm4b561C+YnHH4zGq8rOgzQ3Shk+JGlpUxSd41UGiO6FkLdUCtNX1FAeHgg==",
      "license": "Apache-2.0",
      "dependencies": {
        "@smithy/core": "^3.24.6",
        "@smithy/types": "^4.14.3",
        "tslib": "^2.6.2"
      },
      "engines": {
        "node": ">=18.0.0"
      }
    },
    "node_modules/@smithy/fetch-http-handler": {
      "version": "5.4.6",
      "resolved": "https://registry.npmjs.org/@smithy/fetch-http-handler/-/fetch-http-handler-5.4.6.tgz",
      "integrity": "sha512-FEwEYJ1jlBKdhe9TPzfghEi1bP55ZeEImlDkEa62bBBYzUcnB6RUCyuiS2mqKt6ZVjUbBgcNhzfIctH+Hevx9g==",
      "license": "Apache-2.0",
      "dependencies": {
        "@smithy/core": "^3.24.6",
        "@smithy/types": "^4.14.3",
        "tslib": "^2.6.2"
      },
      "engines": {
        "node": ">=18.0.0"
      }
    },
    "node_modules/@smithy/node-http-handler": {
      "version": "4.7.6",
      "resolved": "https://registry.npmjs.org/@smithy/node-http-handler/-/node-http-handler-4.7.6.tgz",
      "integrity": "sha512-3fya8i7GrJilQouk4cZJKdy5k8MWQBpjfXrRNaXDedH8r779tr0jcxyH3+yoTmsluc2+vF4S343yFbnvu8ExDQ==",
      "license": "Apache-2.0",
      "dependencies": {
        "@smithy/core": "^3.24.6",
        "@smithy/types": "^4.14.3",
        "tslib": "^2.6.2"
      },
      "engines": {
        "node": ">=18.0.0"
      }
    },
    "node_modules/@smithy/signature-v4": {
      "version": "5.4.6",
      "resolved": "https://registry.npmjs.org/@smithy/signature-v4/-/signature-v4-5.4.6.tgz",
      "integrity": "sha512-Ojg4B6oIDlIr1R86xCDJt1zJWnYa0VINmqdjfe9qxWjdRivHalZ3iSlQgVqYbW0MdpFOC5XfHEWsnbmdnpIILQ==",
      "license": "Apache-2.0",
      "dependencies": {
        "@smithy/core": "^3.24.6",
        "@smithy/types": "^4.14.3",
        "tslib": "^2.6.2"
      },
      "engines": {
        "node": ">=18.0.0"
      }
    },
    "node_modules/@smithy/types": {
      "version": "4.14.3",
      "resolved": "https://registry.npmjs.org/@smithy/types/-/types-4.14.3.tgz",
      "integrity": "sha512-YupL0ZWmFtJexUN2cHzkvvF/b9pKrtAIfT1o7/oY/Ppu8IYeZ+lDPM5vZdQJaSeA132dJCqojjGC9NhXeF71VQ==",
      "license": "Apache-2.0",
      "dependencies": {
        "tslib": "^2.6.2"
      },
      "engines": {
        "node": ">=18.0.0"
      }
    },
    "node_modules/@types/cls-hooked": {
      "version": "4.3.9",
      "resolved": "https://registry.npmjs.org/@types/cls-hooked/-/cls-hooked-4.3.9.tgz",
      "integrity": "sha512-CMtHMz6Q/dkfcHarq9nioXH8BDPP+v5xvd+N90lBQ2bdmu06UvnLDqxTKoOJzz4SzIwb/x9i4UXGAAcnUDuIvg==",
      "license": "MIT",
      "dependencies": {
        "@types/node": "*"
      }
    },
    "node_modules/@types/node": {
      "version": "22.18.12",
      "resolved": "https://registry.npmjs.org/@types/node/-/node-22.18.12.tgz",
      "integrity": "sha512-BICHQ67iqxQGFSzfCFTT7MRQ5XcBjG5aeKh5Ok38UBbPe5fxTyE+aHFxwVrGyr8GNlqFMLKD1D3P2K/1ks8tog==",
      "license": "MIT",
      "dependencies": {
        "undici-types": "~6.21.0"
      }
    },
    "node_modules/async-hook-jl": {
      "version": "1.7.6",
      "resolved": "https://registry.npmjs.org/async-hook-jl/-/async-hook-jl-1.7.6.tgz",
      "integrity": "sha512-gFaHkFfSxTjvoxDMYqDuGHlcRyUuamF8s+ZTtJdDzqjws4mCt7v0vuV79/E2Wr2/riMQgtG4/yUtXWs1gZ7JMg==",
      "license": "MIT",
      "dependencies": {
        "stack-chain": "^1.3.7"
      },
      "engines": {
        "node": "^4.7 || >=6.9 || >=7.3"
      }
    },
    "node_modules/atomic-batcher": {
      "version": "1.0.2",
      "resolved": "https://registry.npmjs.org/atomic-batcher/-/atomic-batcher-1.0.2.tgz",
      "integrity": "sha512-EFGCRj4kLX1dHv1cDzTk+xbjBFj1GnJDpui52YmEcxxHHEWjYyT6l51U7n6WQ28osZH4S9gSybxe56Vm7vB61Q==",
      "license": "MIT"
    },
    "node_modules/aws-xray-sdk-core": {
      "version": "3.12.0",
      "resolved": "https://registry.npmjs.org/aws-xray-sdk-core/-/aws-xray-sdk-core-3.12.0.tgz",
      "integrity": "sha512-lwalRdxXRy+Sn49/vN7W507qqmBRk5Fy2o0a9U6XTjL9IV+oR5PUiiptoBrOcaYCiVuGld8OEbNqhm6wvV3m6A==",
      "license": "Apache-2.0",
      "dependencies": {
        "@aws-sdk/types": "^3.4.1",
        "@smithy/service-error-classification": "^2.0.4",
        "@types/cls-hooked": "^4.3.3",
        "atomic-batcher": "^1.0.2",
        "cls-hooked": "^4.2.2",
        "semver": "^7.5.3"
      },
      "engines": {
        "node": ">= 14.x"
      }
    },
    "node_modules/aws-xray-sdk-core/node_modules/@smithy/service-error-classification": {
      "version": "2.1.5",
      "resolved": "https://registry.npmjs.org/@smithy/service-error-classification/-/service-error-classification-2.1.5.tgz",
      "integrity": "sha512-uBDTIBBEdAQryvHdc5W8sS5YX7RQzF683XrHePVdFmAgKiMofU15FLSM0/HU03hKTnazdNRFa0YHS7+ArwoUSQ==",
      "license": "Apache-2.0",
      "dependencies": {
        "@smithy/types": "^2.12.0"
      },
      "engines": {
        "node": ">=14.0.0"
      }
    },
    "node_modules/aws-xray-sdk-core/node_modules/@smithy/types": {
      "version": "2.12.0",
      "resolved": "https://registry.npmjs.org/@smithy/types/-/types-2.12.0.tgz",
      "integrity": "sha512-QwYgloJ0sVNBeBuBs65cIkTbfzV/Q6ZNPCJ99EICFEdJYG50nGIY/uYXp+TbsdJReIuPr0a0kXmCvren3MbRRw==",
      "license": "Apache-2.0",
      "dependencies": {
        "tslib": "^2.6.2"
      },
      "engines": {
        "node": ">=14.0.0"
      }
    },
    "node_modules/bowser": {
      "version": "2.14.1",
      "resolved": "https://registry.npmjs.org/bowser/-/bowser-2.14.1.tgz",
      "integrity": "sha512-tzPjzCxygAKWFOJP011oxFHs57HzIhOEracIgAePE4pqB3LikALKnSzUyU4MGs9/iCEUuHlAJTjTc5M+u7YEGg==",
      "license": "MIT"
    },
    "node_modules/cls-hooked": {
      "version": "4.2.2",
      "resolved": "https://registry.npmjs.org/cls-hooked/-/cls-hooked-4.2.2.tgz",
      "integrity": "sha512-J4Xj5f5wq/4jAvcdgoGsL3G103BtWpZrMo8NEinRltN+xpTZdI+M38pyQqhuFU/P792xkMFvnKSf+Lm81U1bxw==",
      "license": "BSD-2-Clause",
      "dependencies": {
        "async-hook-jl": "^1.7.6",
        "emitter-listener": "^1.0.1",
        "semver": "^5.4.1"
      },
      "engines": {
        "node": "^4.7 || >=6.9 || >=7.3 || >=8.2.1"
      }
    },
    "node_modules/cls-hooked/node_modules/semver": {
      "version": "5.7.2",
      "resolved": "https://registry.npmjs.org/semver/-/semver-5.7.2.tgz",
      "integrity": "sha512-cBznnQ9KjJqU67B52RMC65CMarK2600WFnbkcaiwWq3xy/5haFJlshgnpjovMVJ+Hff49d8GEn0b87C5pDQ10g==",
      "license": "ISC",
      "bin": {
        "semver": "bin/semver"
      }
    },
    "node_modules/emitter-listener": {
      "version": "1.1.2",
      "resolved": "https://registry.npmjs.org/emitter-listener/-/emitter-listener-1.1.2.tgz",
      "integrity": "sha512-Bt1sBAGFHY9DKY+4/2cV6izcKJUf5T7/gkdmkxzX/qv9CcGH8xSwVRW5mtX03SWJtRTWSOpzCuWN9rBFYZepZQ==",
      "license": "BSD-2-Clause",
      "dependencies": {
        "shimmer": "^1.2.0"
      }
    },
    "node_modules/fast-xml-builder": {
      "version": "1.2.0",
      "resolved": "https://registry.npmjs.org/fast-xml-builder/-/fast-xml-builder-1.2.0.tgz",
      "integrity": "sha512-00aAWieqff+ZJhsXA4g1g7M8k+7AYoMUUHF+/zFb5U6Uv/P0Vl4QZo84/IcufzYalLuEj9928bXN9PbbFzMF0Q==",
      "funding": [
        {
          "type": "github",
          "url": "https://github.com/sponsors/NaturalIntelligence"
        }
      ],
      "license": "MIT",
      "dependencies": {
        "path-expression-matcher": "^1.5.0",
        "xml-naming": "^0.1.0"
      }
    },
    "node_modules/fast-xml-parser": {
      "version": "5.7.3",
      "resolved": "https://registry.npmjs.org/fast-xml-parser/-/fast-xml-parser-5.7.3.tgz",
      "integrity": "sha512-C0AaNuC+mscy6vrAQKAc/rMq+zAPHodfHGZu4sGVehvAQt/JLG1O5zEcYcXSY5zSqr4YVgxsB+pHXTq0i7eDlg==",
      "funding": [
        {
          "type": "github",
          "url": "https://github.com/sponsors/NaturalIntelligence"
        }
      ],
      "license": "MIT",
      "dependencies": {
        "@nodable/entities": "^2.1.0",
        "fast-xml-builder": "^1.1.7",
        "path-expression-matcher": "^1.5.0",
        "strnum": "^2.2.3"
      },
      "bin": {
        "fxparser": "src/cli/cli.js"
      }
    },
    "node_modules/mnemonist": {
      "version": "0.38.3",
      "resolved": "https://registry.npmjs.org/mnemonist/-/mnemonist-0.38.3.tgz",
      "integrity": "sha512-2K9QYubXx/NAjv4VLq1d1Ly8pWNC5L3BrixtdkyTegXWJIqY+zLNDhhX/A+ZwWt70tB1S8H4BE8FLYEFyNoOBw==",
      "license": "MIT",
      "dependencies": {
        "obliterator": "^1.6.1"
      }
    },
    "node_modules/obliterator": {
      "version": "1.6.1",
      "resolved": "https://registry.npmjs.org/obliterator/-/obliterator-1.6.1.tgz",
      "integrity": "sha512-9WXswnqINnnhOG/5SLimUlzuU1hFJUc8zkwyD59Sd+dPOMf05PmnYG/d6Q7HZ+KmgkZJa1PxRso6QdM3sTNHig==",
      "license": "MIT"
    },
    "node_modules/path-expression-matcher": {
      "version": "1.5.0",
      "resolved": "https://registry.npmjs.org/path-expression-matcher/-/path-expression-matcher-1.5.0.tgz",
      "integrity": "sha512-cbrerZV+6rvdQrrD+iGMcZFEiiSrbv9Tfdkvnusy6y0x0GKBXREFg/Y65GhIfm0tnLntThhzCnfKwp1WRjeCyQ==",
      "funding": [
        {
          "type": "github",
          "url": "https://github.com/sponsors/NaturalIntelligence"
        }
      ],
      "license": "MIT",
      "engines": {
        "node": ">=14.0.0"
      }
    },
    "node_modules/semver": {
      "version": "7.7.3",
      "resolved": "https://registry.npmjs.org/semver/-/semver-7.7.3.tgz",
      "integrity": "sha512-SdsKMrI9TdgjdweUSR9MweHA4EJ8YxHn8DFaDisvhVlUOe4BF1tLD7GAj0lIqWVl+dPb/rExr0Btby5loQm20Q==",
      "license": "ISC",
      "bin": {
        "semver": "bin/semver.js"
      },
      "engines": {
        "node": ">=10"
      }
    },
    "node_modules/shimmer": {
      "version": "1.2.1",
      "resolved": "https://registry.npmjs.org/shimmer/-/shimmer-1.2.1.tgz",
      "integrity": "sha512-sQTKC1Re/rM6XyFM6fIAGHRPVGvyXfgzIDvzoq608vM+jeyVD0Tu1E6Np0Kc2zAIFWIj963V2800iF/9LPieQw==",
      "license": "BSD-2-Clause"
    },
    "node_modules/stack-chain": {
      "version": "1.3.7",
      "resolved": "https://registry.npmjs.org/stack-chain/-/stack-chain-1.3.7.tgz",
      "integrity": "sha512-D8cWtWVdIe/jBA7v5p5Hwl5yOSOrmZPWDPe2KxQ5UAGD+nxbxU0lKXA4h85Ta6+qgdKVL3vUxsbIZjc1kBG7ug==",
      "license": "MIT"
    },
    "node_modules/strnum": {
      "version": "2.3.0",
      "resolved": "https://registry.npmjs.org/strnum/-/strnum-2.3.0.tgz",
      "integrity": "sha512-ums3KNd42PGyx5xaoVTO1mjU1bH3NpY4vsrVlnv9PNGqQj8wd7rJ6nEypLrJ7z5vxK5RP0yMLo6J/Gsm62DI5Q==",
      "funding": [
        {
          "type": "github",
          "url": "https://github.com/sponsors/NaturalIntelligence"
        }
      ],
      "license": "MIT"
    },
    "node_modules/tslib": {
      "version": "2.8.1",
      "resolved": "https://registry.npmjs.org/tslib/-/tslib-2.8.1.tgz",
      "integrity": "sha512-oJFu94HQb+KVduSUQL7wnpmqnfmLsOA/nAh6b6EH0wCEoK0/mPeXU6c3wKDV83MkOuHPRHtSXKKU99IBazS/2w==",
      "license": "0BSD"
    },
    "node_modules/undici-types": {
      "version": "6.21.0",
      "resolved": "https://registry.npmjs.org/undici-types/-/undici-types-6.21.0.tgz",
      "integrity": "sha512-iwDZqg0QAGrg9Rav5H4n0M64c3mkR59cJ6wQp+7C4nI0gsmExaedaYLNO44eT4AtBBwjbTiGPMlt2Md0T9H9JQ==",
      "license": "MIT"
    },
    "node_modules/xml-naming": {
      "version": "0.1.0",
      "resolved": "https://registry.npmjs.org/xml-naming/-/xml-naming-0.1.0.tgz",
      "integrity": "sha512-k8KO9hrMyNk6tUWqUfkTEZbezRRpONVOzUTnc97VnCvyj6Tf9lyUR9EDAIeiVLv56jsMcoXEwjW8Kv5yPY52lw==",
      "funding": [
        {
          "type": "github",
          "url": "https://github.com/sponsors/NaturalIntelligence"
        }
      ],
      "license": "MIT",
      "engines": {
        "node": ">=16.0.0"
      }
    }
  }
}
